# This file is automatically @generated by Cargo.
# It is not intended for manual editing.
version = 3

[[package]]
name = "solcery"
version = "0.1.0"
dependencies = [
 "tinyvec",
]

[[package]]
name = "tinyvec"
version = "1.3.1"
source = "registry+https://github.com/rust-lang/crates.io-index"
checksum = "848a1e1181b9f6753b5e96a092749e29b11d19ede67dfbbd6c7dc7e0f49b5338"
